
Microsoft Visual Studio Solution File, Format Version 11.00
# Visual Studio 2010
Project("{FAE04EC0-301F-11D3-BF4B-00C04F79EFBC}") = "Assembly-CSharp", "Assembly-CSharp.csproj", "{9c995bd4-8059-6ccd-8c26-acc1b7aa43e6}"
EndProject
Project("{FAE04EC0-301F-11D3-BF4B-00C04F79EFBC}") = "Assembly-CSharp-Editor", "Assembly-CSharp-Editor.csproj", "{5d386fa3-1f78-8fce-297c-e6ef3bfd491e}"
EndProject
Global
	GlobalSection(SolutionConfigurationPlatforms) = preSolution
		Debug|Any CPU = Debug|Any CPU
		Release|Any CPU = Release|Any CPU
	EndGlobalSection
	GlobalSection(ProjectConfigurationPlatforms) = postSolution
		{9c995bd4-8059-6ccd-8c26-acc1b7aa43e6}.Debug|Any CPU.ActiveCfg = Debug|Any CPU
		{9c995bd4-8059-6ccd-8c26-acc1b7aa43e6}.Debug|Any CPU.Build.0 = Debug|Any CPU
		{9c995bd4-8059-6ccd-8c26-acc1b7aa43e6}.Release|Any CPU.ActiveCfg = Release|Any CPU
		{9c995bd4-8059-6ccd-8c26-acc1b7aa43e6}.Release|Any CPU.Build.0 = Release|Any CPU
		{5d386fa3-1f78-8fce-297c-e6ef3bfd491e}.Debug|Any CPU.ActiveCfg = Debug|Any CPU
		{5d386fa3-1f78-8fce-297c-e6ef3bfd491e}.Debug|Any CPU.Build.0 = Debug|Any CPU
		{5d386fa3-1f78-8fce-297c-e6ef3bfd491e}.Release|Any CPU.ActiveCfg = Release|Any CPU
		{5d386fa3-1f78-8fce-297c-e6ef3bfd491e}.Release|Any CPU.Build.0 = Release|Any CPU
	EndGlobalSection
	GlobalSection(SolutionProperties) = preSolution
		HideSolutionNode = FALSE
	EndGlobalSection
EndGlobal
